// !$*UTF8*$!
{
	archiveVersion = 1;
	classes = {
	};
	objectVersion = 50;
	objects = {

/* Begin PBXBuildFile section */
		BFDE0C1723515E42009E8C93 /* AppDelegate.swift in Sources */ = {isa = PBXBuildFile; fileRef = BFDE0C1623515E42009E8C93 /* AppDelegate.swift */; };
		BFDE0C1923515E42009E8C93 /* SceneDelegate.swift in Sources */ = {isa = PBXBuildFile; fileRef = BFDE0C1823515E42009E8C93 /* SceneDelegate.swift */; };
		BFDE0C1B23515E42009E8C93 /* ViewController.swift in Sources */ = {isa = PBXBuildFile; fileRef = BFDE0C1A23515E42009E8C93 /* ViewController.swift */; };
		BFDE0C1E23515E42009E8C93 /* Main.storyboard in Resources */ = {isa = PBXBuildFile; fileRef = BFDE0C1C23515E42009E8C93 /* Main.storyboard */; };
		BFDE0C2023515E45009E8C93 /* Assets.xcassets in Resources */ = {isa = PBXBuildFile; fileRef = BFDE0C1F23515E45009E8C93 /* Assets.xcassets */; };
		BFDE0C2323515E45009E8C93 /* LaunchScreen.storyboard in Resources */ = {isa = PBXBuildFile; fileRef = BFDE0C2123515E45009E8C93 /* LaunchScreen.storyboard */; };
/* End PBXBuildFile section */

/* Begin PBXFileReference section */
		BFDE0C1323515E42009E8C93 /* Alcool ou Gasolina.app */ = {isa = PBXFileReference; explicitFileType = wrapper.application; includeInIndex = 0; path = "Alcool ou Gasolina.app"; sourceTree = BUILT_PRODUCTS_DIR; };
		BFDE0C1623515E42009E8C93 /* AppDelegate.swift */ = {isa = PBXFileReference; lastKnownFileType = sourcecode.swift; path = AppDelegate.swift; sourceTree = "<group>"; };
		BFDE0C1823515E42009E8C93 /* SceneDelegate.swift */ = {isa = PBXFileReference; lastKnownFileType = sourcecode.swift; path = SceneDelegate.swift; sourceTree = "<group>"; };
		BFDE0C1A23515E42009E8C93 /* ViewController.swift */ = {isa = PBXFileReference; lastKnownFileType = sourcecode.swift; path = ViewController.swift; sourceTree = "<group>"; };
		BFDE0C1D23515E42009E8C93 /* Base */ = {isa = PBXFileReference; lastKnownFileType = file.storyboard; name = Base; path = Base.lproj/Main.storyboard; sourceTree = "<group>"; };
		BFDE0C1F23515E45009E8C93 /* Assets.xcassets */ = {isa = PBXFileReference; lastKnownFileType = folder.assetcatalog; path = Assets.xcassets; sourceTree = "<group>"; };
		BFDE0C2223515E45009E8C93 /* Base */ = {isa = PBXFileReference; lastKnownFileType = file.storyboard; name = Base; path = Base.lproj/LaunchScreen.storyboard; sourceTree = "<group>"; };
		BFDE0C2423515E45009E8C93 /* Info.plist */ = {isa = PBXFileReference; lastKnownFileType = text.plist.xml; path = Info.plist; sourceTree = "<group>"; };
/* End PBXFileReference section */

/* Begin PBXFrameworksBuildPhase section */
		BFDE0C1023515E42009E8C93 /* Frameworks */ = {
			isa = PBXFrameworksBuildPhase;
			buildActionMask = 2147483647;
			files = (
			);
			runOnlyForDeploymentPostprocessing = 0;
		};
/* End PBXFrameworksBuildPhase section */

/* Begin PBXGroup section */
		BFDE0C0A23515E42009E8C93 = {
			isa = PBXGroup;
			children = (
				BFDE0C1523515E42009E8C93 /* Alcool ou Gasolina */,
				BFDE0C1423515E42009E8C93 /* Products */,
			);
			sourceTree = "<group>";
		};
		BFDE0C1423515E42009E8C93 /* Products */ = {
			isa = PBXGroup;
			children = (
				BFDE0C1323515E42009E8C93 /* Alcool ou Gasolina.app */,
			);
			name = Products;
			sourceTree = "<group>";
		};
		BFDE0C1523515E42009E8C93 /* Alcool ou Gasolina */ = {
			isa = PBXGroup;
			children = (
				BFDE0C1623515E42009E8C93 /* AppDelegate.swift */,
				BFDE0C1823515E42009E8C93 /* SceneDelegate.swift */,
				BFDE0C1A23515E42009E8C93 /* ViewController.swift */,
				BFDE0C1C23515E42009E8C93 /* Main.storyboard */,
				BFDE0C1F23515E45009E8C93 /* Assets.xcassets */,
				BFDE0C2123515E45009E8C93 /* LaunchScreen.storyboard */,
				BFDE0C2423515E45009E8C93 /* Info.plist */,
			);
			path = "Alcool ou Gasolina";
			sourceTree = "<group>";
		};
/* End PBXGroup section */

/* Begin PBXNativeTarget section */
		BFDE0C1223515E42009E8C93 /* Alcool ou Gasolina */ = {
			isa = PBXNativeTarget;
			buildConfigurationList = BFDE0C2723515E45009E8C93 /* Build configuration list for PBXNativeTarget "Alcool ou Gasolina" */;
			buildPhases = (
				BFDE0C0F23515E42009E8C93 /* Sources */,
				BFDE0C1023515E42009E8C93 /* Frameworks */,
				BFDE0C1123515E42009E8C93 /* Resources */,
			);
			buildRules = (
			);
			dependencies = (
			);
			name = "Alcool ou Gasolina";
			productName = "Alcool ou Gasolina";
			productReference = BFDE0C1323515E42009E8C93 /* Alcool ou Gasolina.app */;
			productType = "com.apple.product-type.application";
		};
/* End PBXNativeTarget section */

/* Begin PBXProject section */
		BFDE0C0B23515E42009E8C93 /* Project object */ = {
			isa = PBXProject;
			attributes = {
				LastSwiftUpdateCheck = 1110;
				LastUpgradeCheck = 1110;
				ORGANIZATIONNAME = "Udemy IOS";
				TargetAttributes = {
					BFDE0C1223515E42009E8C93 = {
						CreatedOnToolsVersion = 11.1;
					};
				};
			};
			buildConfigurationList = BFDE0C0E23515E42009E8C93 /* Build configuration list for PBXProject "Alcool ou Gasolina" */;
			compatibilityVersion = "Xcode 9.3";
			developmentRegion = en;
			hasScannedForEncodings = 0;
			knownRegions = (
				en,
				Base,
			);
			mainGroup = BFDE0C0A23515E42009E8C93;
			productRefGroup = BFDE0C1423515E42009E8C93 /* Products */;
			projectDirPath = "";
			projectRoot = "";
			targets = (
				BFDE0C1223515E42009E8C93 /* Alcool ou Gasolina */,
			);
		};
/* End PBXProject section */

/* Begin PBXResourcesBuildPhase section */
		BFDE0C1123515E42009E8C93 /* Resources */ = {
			isa = PBXResourcesBuildPhase;
			buildActionMask = 2147483647;
			files = (
				BFDE0C2323515E45009E8C93 /* LaunchScreen.storyboard in Resources */,
				BFDE0C2023515E45009E8C93 /* Assets.xcassets in Resources */,
				BFDE0C1E23515E42009E8C93 /* Main.storyboard in Resources */,
			);
			runOnlyForDeploymentPostprocessing = 0;
		};
/* End PBXResourcesBuildPhase section */

/* Begin PBXSourcesBuildPhase section */
		BFDE0C0F23515E42009E8C93 /* Sources */ = {
			isa = PBXSourcesBuildPhase;
			buildActionMask = 2147483647;
			files = (
				BFDE0C1B23515E42009E8C93 /* ViewController.swift in Sources */,
				BFDE0C1723515E42009E8C93 /* AppDelegate.swift in Sources */,
				BFDE0C1923515E42009E8C93 /* SceneDelegate.swift in Sources */,
			);
			runOnlyForDeploymentPostprocessing = 0;
		};
/* End PBXSourcesBuildPhase section */

/* Begin PBXVariantGroup section */
		BFDE0C1C23515E42009E8C93 /* Main.storyboard */ = {
			isa = PBXVariantGroup;
			children = (
				BFDE0C1D23515E42009E8C93 /* Base */,
			);
			name = Main.storyboard;
			sourceTree = "<group>";
		};
		BFDE0C2123515E45009E8C93 /* LaunchScreen.storyboard */ = {
			isa = PBXVariantGroup;
			children = (
				BFDE0C2223515E45009E8C93 /* Base */,
			);
			name = LaunchScreen.storyboard;
			sourceTree = "<group>";
		};
/* End PBXVariantGroup section */

/* Begin XCBuildConfiguration section */
		BFDE0C2523515E45009E8C93 /* Debug */ = {
			isa = XCBuildConfiguration;
			buildSettings = {
				ALWAYS_SEARCH_USER_PATHS = NO;
				CLANG_ANALYZER_NONNULL = YES;
				CLANG_ANALYZER_NUMBER_OBJECT_CONVERSION = YES_AGGRESSIVE;
				CLANG_CXX_LANGUAGE_STANDARD = "gnu++14";
				CLANG_CXX_LIBRARY = "libc++";
				CLANG_ENABLE_MODULES = YES;
				CLANG_ENABLE_OBJC_ARC = YES;
				CLANG_ENABLE_OBJC_WEAK = YES;
				CLANG_WARN_BLOCK_CAPTURE_AUTORELEASING = YES;
				CLANG_WARN_BOOL_CONVERSION = YES;
				CLANG_WARN_COMMA = YES;
				CLANG_WARN_CONSTANT_CONVERSION = YES;
				CLANG_WARN_DEPRECATED_OBJC_IMPLEMENTATIONS = YES;
				CLANG_WARN_DIRECT_OBJC_ISA_USAGE = YES_ERROR;
				CLANG_WARN_DOCUMENTATION_COMMENTS = YES;
				CLANG_WARN_EMPTY_BODY = YES;
				CLANG_WARN_ENUM_CONVERSION = YES;
				CLANG_WARN_INFINITE_RECURSION = YES;
				CLANG_WARN_INT_CONVERSION = YES;
				CLANG_WARN_NON_LITERAL_NULL_CONVERSION = YES;
				CLANG_WARN_OBJC_IMPLICIT_RETAIN_SELF = YES;
				CLANG_WARN_OBJC_LITERAL_CONVERSION = YES;
				CLANG_WARN_OBJC_ROOT_CLASS = YES_ERROR;
				CLANG_WARN_RANGE_LOOP_ANALYSIS = YES;
				CLANG_WARN_STRICT_PROTOTYPES = YES;
				CLANG_WARN_SUSPICIOUS_MOVE = YES;
				CLANG_WARN_UNGUARDED_AVAILABILITY = YES_AGGRESSIVE;
				CLANG_WARN_UNREACHABLE_CODE = YES;
				CLANG_WARN__DUPLICATE_METHOD_MATCH = YES;
				COPY_PHASE_STRIP = NO;
				DEBUG_INFORMATION_FORMAT = dwarf;
				ENABLE_STRICT_OBJC_MSGSEND = YES;
				ENABLE_TESTABILITY = YES;
				GCC_C_LANGUAGE_STANDARD = gnu11;
				GCC_DYNAMIC_NO_PIC = NO;
				GCC_NO_COMMON_BLOCKS = YES;
				GCC_OPTIMIZATION_LEVEL = 0;
				GCC_PREPROCESSOR_DEFINITIONS = (
					"DEBUG=1",
					"$(inherited)",
				);
				GCC_WARN_64_TO_32_BIT_CONVERSION = YES;
				GCC_WARN_ABOUT_RETURN_TYPE = YES_ERROR;
				GCC_WARN_UNDECLARED_SELECTOR = YES;
				GCC_WARN_UNINITIALIZED_AUTOS = YES_AGGRESSIVE;
				GCC_WARN_UNUSED_FUNCTION = YES;
				GCC_WARN_UNUSED_VARIABLE = YES;
				IPHONEOS_DEPLOYMENT_TARGET = 13.1;
				MTL_ENABLE_DEBUG_INFO = INCLUDE_SOURCE;
				MTL_FAST_MATH = YES;
				ONLY_ACTIVE_ARCH = YES;
				SDKROOT = iphoneos;
				SWIFT_ACTIVE_COMPILATION_CONDITIONS = DEBUG;
				SWIFT_OPTIMIZATION_LEVEL = "-Onone";
			};
			name = Debug;
		};
		BFDE0C2623515E45009E8C93 /* Release */ = {
			isa = XCBuildConfiguration;
			buildSettings = {
				ALWAYS_SEARCH_USER_PATHS = NO;
				CLANG_ANALYZER_NONNULL = YES;
				CLANG_ANALYZER_NUMBER_OBJECT_CONVERSION = YES_AGGRESSIVE;
				CLANG_CXX_LANGUAGE_STANDARD = "gnu++14";
				CLANG_CXX_LIBRARY = "libc++";
				CLANG_ENABLE_MODULES = YES;
				CLANG_ENABLE_OBJC_ARC = YES;
				CLANG_ENABLE_OBJC_WEAK = YES;
				CLANG_WARN_BLOCK_CAPTURE_AUTORELEASING = YES;
				CLANG_WARN_BOOL_CONVERSION = YES;
				CLANG_WARN_COMMA = YES;
				CLANG_WARN_CONSTANT_CONVERSION = YES;
				CLANG_WARN_DEPRECATED_OBJC_IMPLEMENTATIONS = YES;
				CLANG_WARN_DIRECT_OBJC_ISA_USAGE = YES_ERROR;
				CLANG_WARN_DOCUMENTATION_COMMENTS = YES;
				CLANG_WARN_EMPTY_BODY = YES;
				CLANG_WARN_ENUM_CONVERSION = YES;
				CLANG_WARN_INFINITE_RECURSION = YES;
				CLANG_WARN_INT_CONVERSION = YES;
				CLANG_WARN_NON_LITERAL_NULL_CONVERSION = YES;
				CLANG_WARN_OBJC_IMPLICIT_RETAIN_SELF = YES;
				CLANG_WARN_OBJC_LITERAL_CONVERSION = YES;
				CLANG_WARN_OBJC_ROOT_CLASS = YES_ERROR;
				CLANG_WARN_RANGE_LOOP_ANALYSIS = YES;
				CLANG_WARN_STRICT_PROTOTYPES = YES;
				CLANG_WARN_SUSPICIOUS_MOVE = YES;
				CLANG_WARN_UNGUARDED_AVAILABILITY = YES_AGGRESSIVE;
				CLANG_WARN_UNREACHABLE_CODE = YES;
				CLANG_WARN__DUPLICATE_METHOD_MATCH = YES;
				COPY_PHASE_STRIP = NO;
				DEBUG_INFORMATION_FORMAT = "dwarf-with-dsym";
				ENABLE_NS_ASSERTIONS = NO;
				ENABLE_STRICT_OBJC_MSGSEND = YES;
				GCC_C_LANGUAGE_STANDARD = gnu11;
				GCC_NO_COMMON_BLOCKS = YES;
				GCC_WARN_64_TO_32_BIT_CONVERSION = YES;
				GCC_WARN_ABOUT_RETURN_TYPE = YES_ERROR;
				GCC_WARN_UNDECLARED_SELECTOR = YES;
				GCC_WARN_UNINITIALIZED_AUTOS = YES_AGGRESSIVE;
				GCC_WARN_UNUSED_FUNCTION = YES;
				GCC_WARN_UNUSED_VARIABLE = YES;
				IPHONEOS_DEPLOYMENT_TARGET = 13.1;
				MTL_ENABLE_DEBUG_INFO = NO;
				MTL_FAST_MATH = YES;
				SDKROOT = iphoneos;
				SWIFT_COMPILATION_MODE = wholemodule;
				SWIFT_OPTIMIZATION_LEVEL = "-O";
				VALIDATE_PRODUCT = YES;
			};
			name = Release;
		};
		BFDE0C2823515E45009E8C93 /* Debug */ = {
			isa = XCBuildConfiguration;
			buildSettings = {
				ASSETCATALOG_COMPILER_APPICON_NAME = AppIcon;
				CODE_SIGN_STYLE = Automatic;
				INFOPLIST_FILE = "Alcool ou Gasolina/Info.plist";
				LD_RUNPATH_SEARCH_PATHS = (
					"$(inherited)",
					"@executable_path/Frameworks",
				);
				PRODUCT_BUNDLE_IDENTIFIER = "com.cursoios12.Alcool-ou-Gasolina";
				PRODUCT_NAME = "$(TARGET_NAME)";
				SWIFT_VERSION = 5.0;
				TARGETED_DEVICE_FAMILY = "1,2";
			};
			name = Debug;
		};
		BFDE0C2923515E45009E8C93 /* Release */ = {
			isa = XCBuildConfiguration;
			buildSettings = {
				ASSETCATALOG_COMPILER_APPICON_NAME = AppIcon;
				CODE_SIGN_STYLE = Automatic;
				INFOPLIST_FILE = "Alcool ou Gasolina/Info.plist";
				LD_RUNPATH_SEARCH_PATHS = (
					"$(inherited)",
					"@executable_path/Frameworks",
				);
				PRODUCT_BUNDLE_IDENTIFIER = "com.cursoios12.Alcool-ou-Gasolina";
				PRODUCT_NAME = "$(TARGET_NAME)";
				SWIFT_VERSION = 5.0;
				TARGETED_DEVICE_FAMILY = "1,2";
			};
			name = Release;
		};
/* End XCBuildConfiguration section */

/* Begin XCConfigurationList section */
		BFDE0C0E23515E42009E8C93 /* Build configuration list for PBXProject "Alcool ou Gasolina" */ = {
			isa = XCConfigurationList;
			buildConfigurations = (
				BFDE0C2523515E45009E8C93 /* Debug */,
				BFDE0C2623515E45009E8C93 /* Release */,
			);
			defaultConfigurationIsVisible = 0;
			defaultConfigurationName = Release;
		};
		BFDE0C2723515E45009E8C93 /* Build configuration list for PBXNativeTarget "Alcool ou Gasolina" */ = {
			isa = XCConfigurationList;
			buildConfigurations = (
				BFDE0C2823515E45009E8C93 /* Debug */,
				BFDE0C2923515E45009E8C93 /* Release */,
			);
			defaultConfigurationIsVisible = 0;
			defaultConfigurationName = Release;
		};
/* End XCConfigurationList section */
	};
	rootObject = BFDE0C0B23515E42009E8C93 /* Project object */;
}
